
Microsoft Visual Studio Solution File, Format Version 12.00
# Visual Studio Version 16
VisualStudioVersion = 16.0.31205.134
MinimumVisualStudioVersion = 10.0.40219.1
Project("{FAE04EC0-301F-11D3-BF4B-00C04F79EFBC}") = "EXERCISE 03 - OOP", "EXERCISE 03 - OOP\EXERCISE 03 - OOP.csproj", "{5935BC79-1DC4-49A7-B27F-7DE37A5CBCB9}"
EndProject
Global
	GlobalSection(SolutionConfigurationPlatforms) = preSolution
		Debug|Any CPU = Debug|Any CPU
		Release|Any CPU = Release|Any CPU
	EndGlobalSection
	GlobalSection(ProjectConfigurationPlatforms) = postSolution
		{5935BC79-1DC4-49A7-B27F-7DE37A5CBCB9}.Debug|Any CPU.ActiveCfg = Debug|Any CPU
		{5935BC79-1DC4-49A7-B27F-7DE37A5CBCB9}.Debug|Any CPU.Build.0 = Debug|Any CPU
		{5935BC79-1DC4-49A7-B27F-7DE37A5CBCB9}.Release|Any CPU.ActiveCfg = Release|Any CPU
		{5935BC79-1DC4-49A7-B27F-7DE37A5CBCB9}.Release|Any CPU.Build.0 = Release|Any CPU
	EndGlobalSection
	GlobalSection(SolutionProperties) = preSolution
		HideSolutionNode = FALSE
	EndGlobalSection
	GlobalSection(ExtensibilityGlobals) = postSolution
		SolutionGuid = {92D10C1D-3391-4EDF-B9A6-01B250C5B0B0}
	EndGlobalSection
EndGlobal
